
Microsoft Visual Studio Solution File, Format Version 12.00
# Visual Studio Version 17
VisualStudioVersion = 17.3.32825.248
MinimumVisualStudioVersion = 10.0.40219.1
Project("{FAE04EC0-301F-11D3-BF4B-00C04F79EFBC}") = "DiagramTesting", "DiagramTesting\DiagramTesting.csproj", "{E473672C-E101-49A0-B204-E75C2A4CB628}"
EndProject
Global
	GlobalSection(SolutionConfigurationPlatforms) = preSolution
		Debug|Any CPU = Debug|Any CPU
		Release|Any CPU = Release|Any CPU
	EndGlobalSection
	GlobalSection(ProjectConfigurationPlatforms) = postSolution
		{E473672C-E101-49A0-B204-E75C2A4CB628}.Debug|Any CPU.ActiveCfg = Debug|Any CPU
		{E473672C-E101-49A0-B204-E75C2A4CB628}.Debug|Any CPU.Build.0 = Debug|Any CPU
		{E473672C-E101-49A0-B204-E75C2A4CB628}.Release|Any CPU.ActiveCfg = Release|Any CPU
		{E473672C-E101-49A0-B204-E75C2A4CB628}.Release|Any CPU.Build.0 = Release|Any CPU
	EndGlobalSection
	GlobalSection(SolutionProperties) = preSolution
		HideSolutionNode = FALSE
	EndGlobalSection
	GlobalSection(ExtensibilityGlobals) = postSolution
		SolutionGuid = {C68A1568-C472-4BF7-BF90-1A32B2B5C4E5}
	EndGlobalSection
EndGlobal
